
Microsoft Visual Studio Solution File, Format Version 12.00
# Visual Studio 2012
Project("{FAE04EC0-301F-11D3-BF4B-00C04F79EFBC}") = "nrtftree-library", "nrtftree-library\nrtftree-library.csproj", "{7114E863-9D7D-4507-B38B-B859A0C1B836}"
EndProject
Project("{FAE04EC0-301F-11D3-BF4B-00C04F79EFBC}") = "nrtftree-test", "nrtftree-test\nrtftree-test.csproj", "{932E07AC-75B1-4F13-8998-3CA4EAEE8E79}"
EndProject
Project("{FAE04EC0-301F-11D3-BF4B-00C04F79EFBC}") = "simple-demo", "nrtftree-examples\simple-demo\simple-demo.csproj", "{F6B17017-FC6F-4992-8411-DB42CD80D881}"
EndProject
Project("{2150E333-8FDC-42A3-9474-1A3956D46DE8}") = "nrtftree-examples", "nrtftree-examples", "{A199A5CB-BF3B-4223-98F2-D35739015480}"
EndProject
Global
	GlobalSection(SolutionConfigurationPlatforms) = preSolution
		Debug|Any CPU = Debug|Any CPU
		Debug|Mixed Platforms = Debug|Mixed Platforms
		Debug|x86 = Debug|x86
		Release|Any CPU = Release|Any CPU
		Release|Mixed Platforms = Release|Mixed Platforms
		Release|x86 = Release|x86
	EndGlobalSection
	GlobalSection(ProjectConfigurationPlatforms) = postSolution
		{7114E863-9D7D-4507-B38B-B859A0C1B836}.Debug|Any CPU.ActiveCfg = Debug|Any CPU
		{7114E863-9D7D-4507-B38B-B859A0C1B836}.Debug|Any CPU.Build.0 = Debug|Any CPU
		{7114E863-9D7D-4507-B38B-B859A0C1B836}.Debug|Mixed Platforms.ActiveCfg = Debug|Any CPU
		{7114E863-9D7D-4507-B38B-B859A0C1B836}.Debug|Mixed Platforms.Build.0 = Debug|Any CPU
		{7114E863-9D7D-4507-B38B-B859A0C1B836}.Debug|x86.ActiveCfg = Debug|Any CPU
		{7114E863-9D7D-4507-B38B-B859A0C1B836}.Release|Any CPU.ActiveCfg = Release|Any CPU
		{7114E863-9D7D-4507-B38B-B859A0C1B836}.Release|Any CPU.Build.0 = Release|Any CPU
		{7114E863-9D7D-4507-B38B-B859A0C1B836}.Release|Mixed Platforms.ActiveCfg = Release|Any CPU
		{7114E863-9D7D-4507-B38B-B859A0C1B836}.Release|Mixed Platforms.Build.0 = Release|Any CPU
		{7114E863-9D7D-4507-B38B-B859A0C1B836}.Release|x86.ActiveCfg = Release|Any CPU
		{932E07AC-75B1-4F13-8998-3CA4EAEE8E79}.Debug|Any CPU.ActiveCfg = Debug|Any CPU
		{932E07AC-75B1-4F13-8998-3CA4EAEE8E79}.Debug|Any CPU.Build.0 = Debug|Any CPU
		{932E07AC-75B1-4F13-8998-3CA4EAEE8E79}.Debug|Mixed Platforms.ActiveCfg = Debug|Any CPU
		{932E07AC-75B1-4F13-8998-3CA4EAEE8E79}.Debug|Mixed Platforms.Build.0 = Debug|Any CPU
		{932E07AC-75B1-4F13-8998-3CA4EAEE8E79}.Debug|x86.ActiveCfg = Debug|Any CPU
		{932E07AC-75B1-4F13-8998-3CA4EAEE8E79}.Release|Any CPU.ActiveCfg = Release|Any CPU
		{932E07AC-75B1-4F13-8998-3CA4EAEE8E79}.Release|Any CPU.Build.0 = Release|Any CPU
		{932E07AC-75B1-4F13-8998-3CA4EAEE8E79}.Release|Mixed Platforms.ActiveCfg = Release|Any CPU
		{932E07AC-75B1-4F13-8998-3CA4EAEE8E79}.Release|Mixed Platforms.Build.0 = Release|Any CPU
		{932E07AC-75B1-4F13-8998-3CA4EAEE8E79}.Release|x86.ActiveCfg = Release|Any CPU
		{F6B17017-FC6F-4992-8411-DB42CD80D881}.Debug|Any CPU.ActiveCfg = Debug|x86
		{F6B17017-FC6F-4992-8411-DB42CD80D881}.Debug|Mixed Platforms.ActiveCfg = Debug|x86
		{F6B17017-FC6F-4992-8411-DB42CD80D881}.Debug|Mixed Platforms.Build.0 = Debug|x86
		{F6B17017-FC6F-4992-8411-DB42CD80D881}.Debug|x86.ActiveCfg = Debug|x86
		{F6B17017-FC6F-4992-8411-DB42CD80D881}.Debug|x86.Build.0 = Debug|x86
		{F6B17017-FC6F-4992-8411-DB42CD80D881}.Release|Any CPU.ActiveCfg = Release|x86
		{F6B17017-FC6F-4992-8411-DB42CD80D881}.Release|Mixed Platforms.ActiveCfg = Release|x86
		{F6B17017-FC6F-4992-8411-DB42CD80D881}.Release|Mixed Platforms.Build.0 = Release|x86
		{F6B17017-FC6F-4992-8411-DB42CD80D881}.Release|x86.ActiveCfg = Release|x86
		{F6B17017-FC6F-4992-8411-DB42CD80D881}.Release|x86.Build.0 = Release|x86
	EndGlobalSection
	GlobalSection(SolutionProperties) = preSolution
		HideSolutionNode = FALSE
	EndGlobalSection
	GlobalSection(NestedProjects) = preSolution
		{F6B17017-FC6F-4992-8411-DB42CD80D881} = {A199A5CB-BF3B-4223-98F2-D35739015480}
	EndGlobalSection
EndGlobal
